<?xml version="1.0" encoding="utf-8"?>
<Project ToolsVersion="4.0" xmlns="http://schemas.microsoft.com/developer/msbuild/2003">
  <ItemGroup>
    <Filter Include="소스 파일">
      <UniqueIdentifier>{4FC737F1-C7A5-4376-A066-2A32D752A2FF}</UniqueIdentifier>
      <Extensions>cpp;c;cc;cxx;c++;cppm;ixx;def;odl;idl;hpj;bat;asm;asmx</Extensions>
    </Filter>
    <Filter Include="헤더 파일">
      <UniqueIdentifier>{93995380-89BD-4b04-88EB-625FBE52EBFB}</UniqueIdentifier>
      <Extensions>h;hh;hpp;hxx;h++;hm;inl;inc;ipp;xsd</Extensions>
    </Filter>
    <Filter Include="리소스 파일">
      <UniqueIdentifier>{67DA6AB6-F800-4c08-8B7A-83BB121AAD01}</UniqueIdentifier>
      <Extensions>rc;ico;cur;bmp;dlg;rc2;rct;bin;rgs;gif;jpg;jpeg;jpe;resx;tiff;tif;png;wav;mfcribbon-ms</Extensions>
    </Filter>
    <Filter Include="헤더 파일\network">
      <UniqueIdentifier>{48e6b132-c5b3-4bfa-b43a-c6bf8b8d8346}</UniqueIdentifier>
    </Filter>
    <Filter Include="소스 파일\network">
      <UniqueIdentifier>{67ab00b8-049a-486a-a9a8-efabfff2ffd7}</UniqueIdentifier>
    </Filter>
    <Filter Include="헤더 파일\character">
      <UniqueIdentifier>{65cb36ea-05c2-42b2-91bf-ee23d84070bc}</UniqueIdentifier>
    </Filter>
    <Filter Include="헤더 파일\character\chin">
      <UniqueIdentifier>{be721109-3a42-4922-bcc7-1ef799e91925}</UniqueIdentifier>
    </Filter>
    <Filter Include="소스 파일\character">
      <UniqueIdentifier>{82920422-518b-4188-84f0-d88063bdd172}</UniqueIdentifier>
    </Filter>
    <Filter Include="소스 파일\character\chin">
      <UniqueIdentifier>{956daee0-b9dd-4ad8-8b37-ea1e8b3f81a5}</UniqueIdentifier>
    </Filter>
    <Filter Include="소스 파일\character\image">
      <UniqueIdentifier>{66c3258a-8472-4927-a828-afad6a7501e0}</UniqueIdentifier>
    </Filter>
    <Filter Include="헤더 파일\character\image">
      <UniqueIdentifier>{7dc09ed2-4608-4866-99f5-0c18d6002cc7}</UniqueIdentifier>
    </Filter>
  </ItemGroup>
  <ItemGroup>
    <ClCompile Include="main.cpp">
      <Filter>소스 파일</Filter>
    </ClCompile>
    <ClCompile Include="draw.cpp">
      <Filter>소스 파일</Filter>
    </ClCompile>
    <ClCompile Include="image.cpp">
      <Filter>소스 파일</Filter>
    </ClCompile>
    <ClCompile Include="game_manager.cpp">
      <Filter>소스 파일</Filter>
    </ClCompile>
    <ClCompile Include="NetworkModule.cpp">
      <Filter>소스 파일\network</Filter>
    </ClCompile>
    <ClCompile Include="session.cpp">
      <Filter>소스 파일\network</Filter>
    </ClCompile>
    <ClCompile Include="action.cpp">
      <Filter>소스 파일\character</Filter>
    </ClCompile>
    <ClCompile Include="chin.cpp">
      <Filter>소스 파일\character\chin</Filter>
    </ClCompile>
    <ClCompile Include="character.cpp">
      <Filter>소스 파일\character</Filter>
    </ClCompile>
    <ClCompile Include="headers.cpp">
      <Filter>소스 파일</Filter>
    </ClCompile>
    <ClCompile Include="sound.cpp">
      <Filter>소스 파일</Filter>
    </ClCompile>
    <ClCompile Include="ui.cpp">
      <Filter>소스 파일</Filter>
    </ClCompile>
  </ItemGroup>
  <ItemGroup>
    <ClInclude Include="headers.h">
      <Filter>헤더 파일</Filter>
    </ClInclude>
    <ClInclude Include="draw.h">
      <Filter>헤더 파일</Filter>
    </ClInclude>
    <ClInclude Include="game_manager.h">
      <Filter>헤더 파일</Filter>
    </ClInclude>
    <ClInclude Include="sound.h">
      <Filter>헤더 파일</Filter>
    </ClInclude>
    <ClInclude Include="image.h">
      <Filter>헤더 파일</Filter>
    </ClInclude>
    <ClInclude Include="ui.h">
      <Filter>헤더 파일</Filter>
    </ClInclude>
    <ClInclude Include="protocol.h">
      <Filter>헤더 파일\network</Filter>
    </ClInclude>
    <ClInclude Include="NetworkModule.h">
      <Filter>헤더 파일\network</Filter>
    </ClInclude>
    <ClInclude Include="session.h">
      <Filter>헤더 파일\network</Filter>
    </ClInclude>
    <ClInclude Include="player.h">
      <Filter>헤더 파일</Filter>
    </ClInclude>
    <ClInclude Include="action.h">
      <Filter>헤더 파일\character</Filter>
    </ClInclude>
    <ClInclude Include="character.h">
      <Filter>헤더 파일\character</Filter>
    </ClInclude>
    <ClInclude Include="chin.h">
      <Filter>헤더 파일\character\chin</Filter>
    </ClInclude>
  </ItemGroup>
</Project>